// !$*UTF8*$!
{
	archiveVersion = 1;
	classes = {
	};
	objectVersion = 48;
	objects = {

/* Begin PBXBuildFile section */
		2EA6BE4C20C14934005887D3 /* AppDelegate.swift in Sources */ = {isa = PBXBuildFile; fileRef = 2EA6BE4B20C14934005887D3 /* AppDelegate.swift */; };
		2EA6BE4E20C14934005887D3 /* ViewController.swift in Sources */ = {isa = PBXBuildFile; fileRef = 2EA6BE4D20C14934005887D3 /* ViewController.swift */; };
		2EA6BE5120C14934005887D3 /* Main.storyboard in Resources */ = {isa = PBXBuildFile; fileRef = 2EA6BE4F20C14934005887D3 /* Main.storyboard */; };
		2EA6BE5320C14934005887D3 /* Assets.xcassets in Resources */ = {isa = PBXBuildFile; fileRef = 2EA6BE5220C14934005887D3 /* Assets.xcassets */; };
		2EA6BE5620C14934005887D3 /* LaunchScreen.storyboard in Resources */ = {isa = PBXBuildFile; fileRef = 2EA6BE5420C14934005887D3 /* LaunchScreen.storyboard */; };
		2EA6BE6120C14935005887D3 /* WebViewCache_swiftTests.swift in Sources */ = {isa = PBXBuildFile; fileRef = 2EA6BE6020C14935005887D3 /* WebViewCache_swiftTests.swift */; };
		2EA6BE6C20C14935005887D3 /* WebViewCache_swiftUITests.swift in Sources */ = {isa = PBXBuildFile; fileRef = 2EA6BE6B20C14935005887D3 /* WebViewCache_swiftUITests.swift */; };
		2EA6BE7B20C149A5005887D3 /* WebViewController.swift in Sources */ = {isa = PBXBuildFile; fileRef = 2EA6BE7920C149A5005887D3 /* WebViewController.swift */; };
/* End PBXBuildFile section */

/* Begin PBXContainerItemProxy section */
		2EA6BE5D20C14934005887D3 /* PBXContainerItemProxy */ = {
			isa = PBXContainerItemProxy;
			containerPortal = 2EA6BE4020C14934005887D3 /* Project object */;
			proxyType = 1;
			remoteGlobalIDString = 2EA6BE4720C14934005887D3;
			remoteInfo = "WebViewCache-swift";
		};
		2EA6BE6820C14935005887D3 /* PBXContainerItemProxy */ = {
			isa = PBXContainerItemProxy;
			containerPortal = 2EA6BE4020C14934005887D3 /* Project object */;
			proxyType = 1;
			remoteGlobalIDString = 2EA6BE4720C14934005887D3;
			remoteInfo = "WebViewCache-swift";
		};
/* End PBXContainerItemProxy section */

/* Begin PBXFileReference section */
		2EA6BE4820C14934005887D3 /* WebViewCache-swift.app */ = {isa = PBXFileReference; explicitFileType = wrapper.application; includeInIndex = 0; path = "WebViewCache-swift.app"; sourceTree = BUILT_PRODUCTS_DIR; };
		2EA6BE4B20C14934005887D3 /* AppDelegate.swift */ = {isa = PBXFileReference; lastKnownFileType = sourcecode.swift; path = AppDelegate.swift; sourceTree = "<group>"; };
		2EA6BE4D20C14934005887D3 /* ViewController.swift */ = {isa = PBXFileReference; lastKnownFileType = sourcecode.swift; path = ViewController.swift; sourceTree = "<group>"; };
		2EA6BE5020C14934005887D3 /* Base */ = {isa = PBXFileReference; lastKnownFileType = file.storyboard; name = Base; path = Base.lproj/Main.storyboard; sourceTree = "<group>"; };
		2EA6BE5220C14934005887D3 /* Assets.xcassets */ = {isa = PBXFileReference; lastKnownFileType = folder.assetcatalog; path = Assets.xcassets; sourceTree = "<group>"; };
		2EA6BE5520C14934005887D3 /* Base */ = {isa = PBXFileReference; lastKnownFileType = file.storyboard; name = Base; path = Base.lproj/LaunchScreen.storyboard; sourceTree = "<group>"; };
		2EA6BE5720C14934005887D3 /* Info.plist */ = {isa = PBXFileReference; lastKnownFileType = text.plist.xml; path = Info.plist; sourceTree = "<group>"; };
		2EA6BE5C20C14934005887D3 /* WebViewCache-swiftTests.xctest */ = {isa = PBXFileReference; explicitFileType = wrapper.cfbundle; includeInIndex = 0; path = "WebViewCache-swiftTests.xctest"; sourceTree = BUILT_PRODUCTS_DIR; };
		2EA6BE6020C14935005887D3 /* WebViewCache_swiftTests.swift */ = {isa = PBXFileReference; lastKnownFileType = sourcecode.swift; path = WebViewCache_swiftTests.swift; sourceTree = "<group>"; };
		2EA6BE6220C14935005887D3 /* Info.plist */ = {isa = PBXFileReference; lastKnownFileType = text.plist.xml; path = Info.plist; sourceTree = "<group>"; };
		2EA6BE6720C14935005887D3 /* WebViewCache-swiftUITests.xctest */ = {isa = PBXFileReference; explicitFileType = wrapper.cfbundle; includeInIndex = 0; path = "WebViewCache-swiftUITests.xctest"; sourceTree = BUILT_PRODUCTS_DIR; };
		2EA6BE6B20C14935005887D3 /* WebViewCache_swiftUITests.swift */ = {isa = PBXFileReference; lastKnownFileType = sourcecode.swift; path = WebViewCache_swiftUITests.swift; sourceTree = "<group>"; };
		2EA6BE6D20C14935005887D3 /* Info.plist */ = {isa = PBXFileReference; lastKnownFileType = text.plist.xml; path = Info.plist; sourceTree = "<group>"; };
		2EA6BE7920C149A5005887D3 /* WebViewController.swift */ = {isa = PBXFileReference; lastKnownFileType = sourcecode.swift; path = WebViewController.swift; sourceTree = "<group>"; };
/* End PBXFileReference section */

/* Begin PBXFrameworksBuildPhase section */
		2EA6BE4520C14934005887D3 /* Frameworks */ = {
			isa = PBXFrameworksBuildPhase;
			buildActionMask = 2147483647;
			files = (
			);
			runOnlyForDeploymentPostprocessing = 0;
		};
		2EA6BE5920C14934005887D3 /* Frameworks */ = {
			isa = PBXFrameworksBuildPhase;
			buildActionMask = 2147483647;
			files = (
			);
			runOnlyForDeploymentPostprocessing = 0;
		};
		2EA6BE6420C14935005887D3 /* Frameworks */ = {
			isa = PBXFrameworksBuildPhase;
			buildActionMask = 2147483647;
			files = (
			);
			runOnlyForDeploymentPostprocessing = 0;
		};
/* End PBXFrameworksBuildPhase section */

/* Begin PBXGroup section */
		2EA6BE3F20C14934005887D3 = {
			isa = PBXGroup;
			children = (
				2EA6BE4A20C14934005887D3 /* WebViewCache-swift */,
				2EA6BE5F20C14935005887D3 /* WebViewCache-swiftTests */,
				2EA6BE6A20C14935005887D3 /* WebViewCache-swiftUITests */,
				2EA6BE4920C14934005887D3 /* Products */,
			);
			sourceTree = "<group>";
		};
		2EA6BE4920C14934005887D3 /* Products */ = {
			isa = PBXGroup;
			children = (
				2EA6BE4820C14934005887D3 /* WebViewCache-swift.app */,
				2EA6BE5C20C14934005887D3 /* WebViewCache-swiftTests.xctest */,
				2EA6BE6720C14935005887D3 /* WebViewCache-swiftUITests.xctest */,
			);
			name = Products;
			sourceTree = "<group>";
		};
		2EA6BE4A20C14934005887D3 /* WebViewCache-swift */ = {
			isa = PBXGroup;
			children = (
				2EA6BE4B20C14934005887D3 /* AppDelegate.swift */,
				2EA6BE4D20C14934005887D3 /* ViewController.swift */,
				2EA6BE7920C149A5005887D3 /* WebViewController.swift */,
				2EA6BE4F20C14934005887D3 /* Main.storyboard */,
				2EA6BE5220C14934005887D3 /* Assets.xcassets */,
				2EA6BE5420C14934005887D3 /* LaunchScreen.storyboard */,
				2EA6BE5720C14934005887D3 /* Info.plist */,
			);
			path = "WebViewCache-swift";
			sourceTree = "<group>";
		};
		2EA6BE5F20C14935005887D3 /* WebViewCache-swiftTests */ = {
			isa = PBXGroup;
			children = (
				2EA6BE6020C14935005887D3 /* WebViewCache_swiftTests.swift */,
				2EA6BE6220C14935005887D3 /* Info.plist */,
			);
			path = "WebViewCache-swiftTests";
			sourceTree = "<group>";
		};
		2EA6BE6A20C14935005887D3 /* WebViewCache-swiftUITests */ = {
			isa = PBXGroup;
			children = (
				2EA6BE6B20C14935005887D3 /* WebViewCache_swiftUITests.swift */,
				2EA6BE6D20C14935005887D3 /* Info.plist */,
			);
			path = "WebViewCache-swiftUITests";
			sourceTree = "<group>";
		};
/* End PBXGroup section */

/* Begin PBXNativeTarget section */
		2EA6BE4720C14934005887D3 /* WebViewCache-swift */ = {
			isa = PBXNativeTarget;
			buildConfigurationList = 2EA6BE7020C14935005887D3 /* Build configuration list for PBXNativeTarget "WebViewCache-swift" */;
			buildPhases = (
				2EA6BE4420C14934005887D3 /* Sources */,
				2EA6BE4520C14934005887D3 /* Frameworks */,
				2EA6BE4620C14934005887D3 /* Resources */,
			);
			buildRules = (
			);
			dependencies = (
			);
			name = "WebViewCache-swift";
			productName = "WebViewCache-swift";
			productReference = 2EA6BE4820C14934005887D3 /* WebViewCache-swift.app */;
			productType = "com.apple.product-type.application";
		};
		2EA6BE5B20C14934005887D3 /* WebViewCache-swiftTests */ = {
			isa = PBXNativeTarget;
			buildConfigurationList = 2EA6BE7320C14935005887D3 /* Build configuration list for PBXNativeTarget "WebViewCache-swiftTests" */;
			buildPhases = (
				2EA6BE5820C14934005887D3 /* Sources */,
				2EA6BE5920C14934005887D3 /* Frameworks */,
				2EA6BE5A20C14934005887D3 /* Resources */,
			);
			buildRules = (
			);
			dependencies = (
				2EA6BE5E20C14934005887D3 /* PBXTargetDependency */,
			);
			name = "WebViewCache-swiftTests";
			productName = "WebViewCache-swiftTests";
			productReference = 2EA6BE5C20C14934005887D3 /* WebViewCache-swiftTests.xctest */;
			productType = "com.apple.product-type.bundle.unit-test";
		};
		2EA6BE6620C14935005887D3 /* WebViewCache-swiftUITests */ = {
			isa = PBXNativeTarget;
			buildConfigurationList = 2EA6BE7620C14935005887D3 /* Build configuration list for PBXNativeTarget "WebViewCache-swiftUITests" */;
			buildPhases = (
				2EA6BE6320C14935005887D3 /* Sources */,
				2EA6BE6420C14935005887D3 /* Frameworks */,
				2EA6BE6520C14935005887D3 /* Resources */,
			);
			buildRules = (
			);
			dependencies = (
				2EA6BE6920C14935005887D3 /* PBXTargetDependency */,
			);
			name = "WebViewCache-swiftUITests";
			productName = "WebViewCache-swiftUITests";
			productReference = 2EA6BE6720C14935005887D3 /* WebViewCache-swiftUITests.xctest */;
			productType = "com.apple.product-type.bundle.ui-testing";
		};
/* End PBXNativeTarget section */

/* Begin PBXProject section */
		2EA6BE4020C14934005887D3 /* Project object */ = {
			isa = PBXProject;
			attributes = {
				LastSwiftUpdateCheck = 0920;
				LastUpgradeCheck = 0920;
				ORGANIZATIONNAME = alan;
				TargetAttributes = {
					2EA6BE4720C14934005887D3 = {
						CreatedOnToolsVersion = 9.2;
						ProvisioningStyle = Automatic;
					};
					2EA6BE5B20C14934005887D3 = {
						CreatedOnToolsVersion = 9.2;
						ProvisioningStyle = Automatic;
						TestTargetID = 2EA6BE4720C14934005887D3;
					};
					2EA6BE6620C14935005887D3 = {
						CreatedOnToolsVersion = 9.2;
						ProvisioningStyle = Automatic;
						TestTargetID = 2EA6BE4720C14934005887D3;
					};
				};
			};
			buildConfigurationList = 2EA6BE4320C14934005887D3 /* Build configuration list for PBXProject "WebViewCache-swift" */;
			compatibilityVersion = "Xcode 8.0";
			developmentRegion = en;
			hasScannedForEncodings = 0;
			knownRegions = (
				en,
				Base,
			);
			mainGroup = 2EA6BE3F20C14934005887D3;
			productRefGroup = 2EA6BE4920C14934005887D3 /* Products */;
			projectDirPath = "";
			projectRoot = "";
			targets = (
				2EA6BE4720C14934005887D3 /* WebViewCache-swift */,
				2EA6BE5B20C14934005887D3 /* WebViewCache-swiftTests */,
				2EA6BE6620C14935005887D3 /* WebViewCache-swiftUITests */,
			);
		};
/* End PBXProject section */

/* Begin PBXResourcesBuildPhase section */
		2EA6BE4620C14934005887D3 /* Resources */ = {
			isa = PBXResourcesBuildPhase;
			buildActionMask = 2147483647;
			files = (
				2EA6BE5620C14934005887D3 /* LaunchScreen.storyboard in Resources */,
				2EA6BE5320C14934005887D3 /* Assets.xcassets in Resources */,
				2EA6BE5120C14934005887D3 /* Main.storyboard in Resources */,
			);
			runOnlyForDeploymentPostprocessing = 0;
		};
		2EA6BE5A20C14934005887D3 /* Resources */ = {
			isa = PBXResourcesBuildPhase;
			buildActionMask = 2147483647;
			files = (
			);
			runOnlyForDeploymentPostprocessing = 0;
		};
		2EA6BE6520C14935005887D3 /* Resources */ = {
			isa = PBXResourcesBuildPhase;
			buildActionMask = 2147483647;
			files = (
			);
			runOnlyForDeploymentPostprocessing = 0;
		};
/* End PBXResourcesBuildPhase section */

/* Begin PBXSourcesBuildPhase section */
		2EA6BE4420C14934005887D3 /* Sources */ = {
			isa = PBXSourcesBuildPhase;
			buildActionMask = 2147483647;
			files = (
				2EA6BE4E20C14934005887D3 /* ViewController.swift in Sources */,
				2EA6BE7B20C149A5005887D3 /* WebViewController.swift in Sources */,
				2EA6BE4C20C14934005887D3 /* AppDelegate.swift in Sources */,
			);
			runOnlyForDeploymentPostprocessing = 0;
		};
		2EA6BE5820C14934005887D3 /* Sources */ = {
			isa = PBXSourcesBuildPhase;
			buildActionMask = 2147483647;
			files = (
				2EA6BE6120C14935005887D3 /* WebViewCache_swiftTests.swift in Sources */,
			);
			runOnlyForDeploymentPostprocessing = 0;
		};
		2EA6BE6320C14935005887D3 /* Sources */ = {
			isa = PBXSourcesBuildPhase;
			buildActionMask = 2147483647;
			files = (
				2EA6BE6C20C14935005887D3 /* WebViewCache_swiftUITests.swift in Sources */,
			);
			runOnlyForDeploymentPostprocessing = 0;
		};
/* End PBXSourcesBuildPhase section */

/* Begin PBXTargetDependency section */
		2EA6BE5E20C14934005887D3 /* PBXTargetDependency */ = {
			isa = PBXTargetDependency;
			target = 2EA6BE4720C14934005887D3 /* WebViewCache-swift */;
			targetProxy = 2EA6BE5D20C14934005887D3 /* PBXContainerItemProxy */;
		};
		2EA6BE6920C14935005887D3 /* PBXTargetDependency */ = {
			isa = PBXTargetDependency;
			target = 2EA6BE4720C14934005887D3 /* WebViewCache-swift */;
			targetProxy = 2EA6BE6820C14935005887D3 /* PBXContainerItemProxy */;
		};
/* End PBXTargetDependency section */

/* Begin PBXVariantGroup section */
		2EA6BE4F20C14934005887D3 /* Main.storyboard */ = {
			isa = PBXVariantGroup;
			children = (
				2EA6BE5020C14934005887D3 /* Base */,
			);
			name = Main.storyboard;
			sourceTree = "<group>";
		};
		2EA6BE5420C14934005887D3 /* LaunchScreen.storyboard */ = {
			isa = PBXVariantGroup;
			children = (
				2EA6BE5520C14934005887D3 /* Base */,
			);
			name = LaunchScreen.storyboard;
			sourceTree = "<group>";
		};
/* End PBXVariantGroup section */

/* Begin XCBuildConfiguration section */
		2EA6BE6E20C14935005887D3 /* Debug */ = {
			isa = XCBuildConfiguration;
			buildSettings = {
				ALWAYS_SEARCH_USER_PATHS = NO;
				CLANG_ANALYZER_NONNULL = YES;
				CLANG_ANALYZER_NUMBER_OBJECT_CONVERSION = YES_AGGRESSIVE;
				CLANG_CXX_LANGUAGE_STANDARD = "gnu++14";
				CLANG_CXX_LIBRARY = "libc++";
				CLANG_ENABLE_MODULES = YES;
				CLANG_ENABLE_OBJC_ARC = YES;
				CLANG_WARN_BLOCK_CAPTURE_AUTORELEASING = YES;
				CLANG_WARN_BOOL_CONVERSION = YES;
				CLANG_WARN_COMMA = YES;
				CLANG_WARN_CONSTANT_CONVERSION = YES;
				CLANG_WARN_DIRECT_OBJC_ISA_USAGE = YES_ERROR;
				CLANG_WARN_DOCUMENTATION_COMMENTS = YES;
				CLANG_WARN_EMPTY_BODY = YES;
				CLANG_WARN_ENUM_CONVERSION = YES;
				CLANG_WARN_INFINITE_RECURSION = YES;
				CLANG_WARN_INT_CONVERSION = YES;
				CLANG_WARN_NON_LITERAL_NULL_CONVERSION = YES;
				CLANG_WARN_OBJC_LITERAL_CONVERSION = YES;
				CLANG_WARN_OBJC_ROOT_CLASS = YES_ERROR;
				CLANG_WARN_RANGE_LOOP_ANALYSIS = YES;
				CLANG_WARN_STRICT_PROTOTYPES = YES;
				CLANG_WARN_SUSPICIOUS_MOVE = YES;
				CLANG_WARN_UNGUARDED_AVAILABILITY = YES_AGGRESSIVE;
				CLANG_WARN_UNREACHABLE_CODE = YES;
				CLANG_WARN__DUPLICATE_METHOD_MATCH = YES;
				CODE_SIGN_IDENTITY = "iPhone Developer";
				COPY_PHASE_STRIP = NO;
				DEBUG_INFORMATION_FORMAT = dwarf;
				ENABLE_STRICT_OBJC_MSGSEND = YES;
				ENABLE_TESTABILITY = YES;
				GCC_C_LANGUAGE_STANDARD = gnu11;
				GCC_DYNAMIC_NO_PIC = NO;
				GCC_NO_COMMON_BLOCKS = YES;
				GCC_OPTIMIZATION_LEVEL = 0;
				GCC_PREPROCESSOR_DEFINITIONS = (
					"DEBUG=1",
					"$(inherited)",
				);
				GCC_WARN_64_TO_32_BIT_CONVERSION = YES;
				GCC_WARN_ABOUT_RETURN_TYPE = YES_ERROR;
				GCC_WARN_UNDECLARED_SELECTOR = YES;
				GCC_WARN_UNINITIALIZED_AUTOS = YES_AGGRESSIVE;
				GCC_WARN_UNUSED_FUNCTION = YES;
				GCC_WARN_UNUSED_VARIABLE = YES;
				IPHONEOS_DEPLOYMENT_TARGET = 11.2;
				MTL_ENABLE_DEBUG_INFO = YES;
				ONLY_ACTIVE_ARCH = YES;
				SDKROOT = iphoneos;
				SWIFT_ACTIVE_COMPILATION_CONDITIONS = DEBUG;
				SWIFT_OPTIMIZATION_LEVEL = "-Onone";
			};
			name = Debug;
		};
		2EA6BE6F20C14935005887D3 /* Release */ = {
			isa = XCBuildConfiguration;
			buildSettings = {
				ALWAYS_SEARCH_USER_PATHS = NO;
				CLANG_ANALYZER_NONNULL = YES;
				CLANG_ANALYZER_NUMBER_OBJECT_CONVERSION = YES_AGGRESSIVE;
				CLANG_CXX_LANGUAGE_STANDARD = "gnu++14";
				CLANG_CXX_LIBRARY = "libc++";
				CLANG_ENABLE_MODULES = YES;
				CLANG_ENABLE_OBJC_ARC = YES;
				CLANG_WARN_BLOCK_CAPTURE_AUTORELEASING = YES;
				CLANG_WARN_BOOL_CONVERSION = YES;
				CLANG_WARN_COMMA = YES;
				CLANG_WARN_CONSTANT_CONVERSION = YES;
				CLANG_WARN_DIRECT_OBJC_ISA_USAGE = YES_ERROR;
				CLANG_WARN_DOCUMENTATION_COMMENTS = YES;
				CLANG_WARN_EMPTY_BODY = YES;
				CLANG_WARN_ENUM_CONVERSION = YES;
				CLANG_WARN_INFINITE_RECURSION = YES;
				CLANG_WARN_INT_CONVERSION = YES;
				CLANG_WARN_NON_LITERAL_NULL_CONVERSION = YES;
				CLANG_WARN_OBJC_LITERAL_CONVERSION = YES;
				CLANG_WARN_OBJC_ROOT_CLASS = YES_ERROR;
				CLANG_WARN_RANGE_LOOP_ANALYSIS = YES;
				CLANG_WARN_STRICT_PROTOTYPES = YES;
				CLANG_WARN_SUSPICIOUS_MOVE = YES;
				CLANG_WARN_UNGUARDED_AVAILABILITY = YES_AGGRESSIVE;
				CLANG_WARN_UNREACHABLE_CODE = YES;
				CLANG_WARN__DUPLICATE_METHOD_MATCH = YES;
				CODE_SIGN_IDENTITY = "iPhone Developer";
				COPY_PHASE_STRIP = NO;
				DEBUG_INFORMATION_FORMAT = "dwarf-with-dsym";
				ENABLE_NS_ASSERTIONS = NO;
				ENABLE_STRICT_OBJC_MSGSEND = YES;
				GCC_C_LANGUAGE_STANDARD = gnu11;
				GCC_NO_COMMON_BLOCKS = YES;
				GCC_WARN_64_TO_32_BIT_CONVERSION = YES;
				GCC_WARN_ABOUT_RETURN_TYPE = YES_ERROR;
				GCC_WARN_UNDECLARED_SELECTOR = YES;
				GCC_WARN_UNINITIALIZED_AUTOS = YES_AGGRESSIVE;
				GCC_WARN_UNUSED_FUNCTION = YES;
				GCC_WARN_UNUSED_VARIABLE = YES;
				IPHONEOS_DEPLOYMENT_TARGET = 11.2;
				MTL_ENABLE_DEBUG_INFO = NO;
				SDKROOT = iphoneos;
				SWIFT_OPTIMIZATION_LEVEL = "-Owholemodule";
				VALIDATE_PRODUCT = YES;
			};
			name = Release;
		};
		2EA6BE7120C14935005887D3 /* Debug */ = {
			isa = XCBuildConfiguration;
			buildSettings = {
				ASSETCATALOG_COMPILER_APPICON_NAME = AppIcon;
				CODE_SIGN_STYLE = Automatic;
				INFOPLIST_FILE = "WebViewCache-swift/Info.plist";
				LD_RUNPATH_SEARCH_PATHS = "$(inherited) @executable_path/Frameworks";
				PRODUCT_BUNDLE_IDENTIFIER = "alan.WebViewCache-swift";
				PRODUCT_NAME = "$(TARGET_NAME)";
				SWIFT_VERSION = 4.0;
				TARGETED_DEVICE_FAMILY = "1,2";
			};
			name = Debug;
		};
		2EA6BE7220C14935005887D3 /* Release */ = {
			isa = XCBuildConfiguration;
			buildSettings = {
				ASSETCATALOG_COMPILER_APPICON_NAME = AppIcon;
				CODE_SIGN_STYLE = Automatic;
				INFOPLIST_FILE = "WebViewCache-swift/Info.plist";
				LD_RUNPATH_SEARCH_PATHS = "$(inherited) @executable_path/Frameworks";
				PRODUCT_BUNDLE_IDENTIFIER = "alan.WebViewCache-swift";
				PRODUCT_NAME = "$(TARGET_NAME)";
				SWIFT_VERSION = 4.0;
				TARGETED_DEVICE_FAMILY = "1,2";
			};
			name = Release;
		};
		2EA6BE7420C14935005887D3 /* Debug */ = {
			isa = XCBuildConfiguration;
			buildSettings = {
				ALWAYS_EMBED_SWIFT_STANDARD_LIBRARIES = YES;
				BUNDLE_LOADER = "$(TEST_HOST)";
				CODE_SIGN_STYLE = Automatic;
				INFOPLIST_FILE = "WebViewCache-swiftTests/Info.plist";
				LD_RUNPATH_SEARCH_PATHS = "$(inherited) @executable_path/Frameworks @loader_path/Frameworks";
				PRODUCT_BUNDLE_IDENTIFIER = "alan.WebViewCache-swiftTests";
				PRODUCT_NAME = "$(TARGET_NAME)";
				SWIFT_VERSION = 4.0;
				TARGETED_DEVICE_FAMILY = "1,2";
				TEST_HOST = "$(BUILT_PRODUCTS_DIR)/WebViewCache-swift.app/WebViewCache-swift";
			};
			name = Debug;
		};
		2EA6BE7520C14935005887D3 /* Release */ = {
			isa = XCBuildConfiguration;
			buildSettings = {
				ALWAYS_EMBED_SWIFT_STANDARD_LIBRARIES = YES;
				BUNDLE_LOADER = "$(TEST_HOST)";
				CODE_SIGN_STYLE = Automatic;
				INFOPLIST_FILE = "WebViewCache-swiftTests/Info.plist";
				LD_RUNPATH_SEARCH_PATHS = "$(inherited) @executable_path/Frameworks @loader_path/Frameworks";
				PRODUCT_BUNDLE_IDENTIFIER = "alan.WebViewCache-swiftTests";
				PRODUCT_NAME = "$(TARGET_NAME)";
				SWIFT_VERSION = 4.0;
				TARGETED_DEVICE_FAMILY = "1,2";
				TEST_HOST = "$(BUILT_PRODUCTS_DIR)/WebViewCache-swift.app/WebViewCache-swift";
			};
			name = Release;
		};
		2EA6BE7720C14935005887D3 /* Debug */ = {
			isa = XCBuildConfiguration;
			buildSettings = {
				ALWAYS_EMBED_SWIFT_STANDARD_LIBRARIES = YES;
				CODE_SIGN_STYLE = Automatic;
				INFOPLIST_FILE = "WebViewCache-swiftUITests/Info.plist";
				LD_RUNPATH_SEARCH_PATHS = "$(inherited) @executable_path/Frameworks @loader_path/Frameworks";
				PRODUCT_BUNDLE_IDENTIFIER = "alan.WebViewCache-swiftUITests";
				PRODUCT_NAME = "$(TARGET_NAME)";
				SWIFT_VERSION = 4.0;
				TARGETED_DEVICE_FAMILY = "1,2";
				TEST_TARGET_NAME = "WebViewCache-swift";
			};
			name = Debug;
		};
		2EA6BE7820C14935005887D3 /* Release */ = {
			isa = XCBuildConfiguration;
			buildSettings = {
				ALWAYS_EMBED_SWIFT_STANDARD_LIBRARIES = YES;
				CODE_SIGN_STYLE = Automatic;
				INFOPLIST_FILE = "WebViewCache-swiftUITests/Info.plist";
				LD_RUNPATH_SEARCH_PATHS = "$(inherited) @executable_path/Frameworks @loader_path/Frameworks";
				PRODUCT_BUNDLE_IDENTIFIER = "alan.WebViewCache-swiftUITests";
				PRODUCT_NAME = "$(TARGET_NAME)";
				SWIFT_VERSION = 4.0;
				TARGETED_DEVICE_FAMILY = "1,2";
				TEST_TARGET_NAME = "WebViewCache-swift";
			};
			name = Release;
		};
/* End XCBuildConfiguration section */

/* Begin XCConfigurationList section */
		2EA6BE4320C14934005887D3 /* Build configuration list for PBXProject "WebViewCache-swift" */ = {
			isa = XCConfigurationList;
			buildConfigurations = (
				2EA6BE6E20C14935005887D3 /* Debug */,
				2EA6BE6F20C14935005887D3 /* Release */,
			);
			defaultConfigurationIsVisible = 0;
			defaultConfigurationName = Release;
		};
		2EA6BE7020C14935005887D3 /* Build configuration list for PBXNativeTarget "WebViewCache-swift" */ = {
			isa = XCConfigurationList;
			buildConfigurations = (
				2EA6BE7120C14935005887D3 /* Debug */,
				2EA6BE7220C14935005887D3 /* Release */,
			);
			defaultConfigurationIsVisible = 0;
			defaultConfigurationName = Release;
		};
		2EA6BE7320C14935005887D3 /* Build configuration list for PBXNativeTarget "WebViewCache-swiftTests" */ = {
			isa = XCConfigurationList;
			buildConfigurations = (
				2EA6BE7420C14935005887D3 /* Debug */,
				2EA6BE7520C14935005887D3 /* Release */,
			);
			defaultConfigurationIsVisible = 0;
			defaultConfigurationName = Release;
		};
		2EA6BE7620C14935005887D3 /* Build configuration list for PBXNativeTarget "WebViewCache-swiftUITests" */ = {
			isa = XCConfigurationList;
			buildConfigurations = (
				2EA6BE7720C14935005887D3 /* Debug */,
				2EA6BE7820C14935005887D3 /* Release */,
			);
			defaultConfigurationIsVisible = 0;
			defaultConfigurationName = Release;
		};
/* End XCConfigurationList section */
	};
	rootObject = 2EA6BE4020C14934005887D3 /* Project object */;
}
